{
    "_readme": [
        "This file locks the dependencies of your project to a known state",
        "Read more about it at https://getcomposer.org/doc/01-basic-usage.md#composer-lock-the-lock-file",
        "This file is @generated automatically"
    ],
    "content-hash": "2f4670080dc7ef644ed8c4e32b388c19",
    "packages": [],
    "packages-dev": [],
    "aliases": [],
    "minimum-stability": "stable",
    "stability-flags": [],
    "prefer-stable": false,
    "prefer-lowest": false,
    "platform": {
        "php": ">=7.4.6",
        "ext-libxml": "*",
        "ext-json": "*",
        "ext-simplexml": "*",
        "ext-curl": "*",
        "ext-mbstring": "*",
        "ext-iconv": "*"
    },
    "platform-dev": []
}
